
Microsoft Visual Studio Solution File, Format Version 12.00
# Visual Studio 14
VisualStudioVersion = 14.0.23107.0
MinimumVisualStudioVersion = 10.0.40219.1
Project("{FAE04EC0-301F-11D3-BF4B-00C04F79EFBC}") = "PDD Translate", "WindowsFormsApplication2\PDD Translate.csproj", "{36CE1A3E-FD0D-493C-B8DF-8C8922EDB6D5}"
EndProject
Project("{FAE04EC0-301F-11D3-BF4B-00C04F79EFBC}") = "PDD Translate Automatic", "PDD Translate Automatic\PDD Translate Automatic.csproj", "{9673FA5E-9FC1-495E-B356-BAD9DAECC980}"
EndProject
Global
	GlobalSection(SolutionConfigurationPlatforms) = preSolution
		Debug|Any CPU = Debug|Any CPU
		Debug|x86 = Debug|x86
		Release|Any CPU = Release|Any CPU
		Release|x86 = Release|x86
	EndGlobalSection
	GlobalSection(ProjectConfigurationPlatforms) = postSolution
		{36CE1A3E-FD0D-493C-B8DF-8C8922EDB6D5}.Debug|Any CPU.ActiveCfg = Debug|Any CPU
		{36CE1A3E-FD0D-493C-B8DF-8C8922EDB6D5}.Debug|Any CPU.Build.0 = Debug|Any CPU
		{36CE1A3E-FD0D-493C-B8DF-8C8922EDB6D5}.Debug|x86.ActiveCfg = Debug|x86
		{36CE1A3E-FD0D-493C-B8DF-8C8922EDB6D5}.Debug|x86.Build.0 = Debug|x86
		{36CE1A3E-FD0D-493C-B8DF-8C8922EDB6D5}.Release|Any CPU.ActiveCfg = Release|Any CPU
		{36CE1A3E-FD0D-493C-B8DF-8C8922EDB6D5}.Release|Any CPU.Build.0 = Release|Any CPU
		{36CE1A3E-FD0D-493C-B8DF-8C8922EDB6D5}.Release|x86.ActiveCfg = Release|x86
		{36CE1A3E-FD0D-493C-B8DF-8C8922EDB6D5}.Release|x86.Build.0 = Release|x86
		{9673FA5E-9FC1-495E-B356-BAD9DAECC980}.Debug|Any CPU.ActiveCfg = Debug|Any CPU
		{9673FA5E-9FC1-495E-B356-BAD9DAECC980}.Debug|Any CPU.Build.0 = Debug|Any CPU
		{9673FA5E-9FC1-495E-B356-BAD9DAECC980}.Debug|x86.ActiveCfg = Debug|Any CPU
		{9673FA5E-9FC1-495E-B356-BAD9DAECC980}.Debug|x86.Build.0 = Debug|Any CPU
		{9673FA5E-9FC1-495E-B356-BAD9DAECC980}.Release|Any CPU.ActiveCfg = Release|Any CPU
		{9673FA5E-9FC1-495E-B356-BAD9DAECC980}.Release|Any CPU.Build.0 = Release|Any CPU
		{9673FA5E-9FC1-495E-B356-BAD9DAECC980}.Release|x86.ActiveCfg = Release|Any CPU
		{9673FA5E-9FC1-495E-B356-BAD9DAECC980}.Release|x86.Build.0 = Release|Any CPU
	EndGlobalSection
	GlobalSection(SolutionProperties) = preSolution
		HideSolutionNode = FALSE
	EndGlobalSection
EndGlobal
